{
  "originHash" : "a62db182fa4281976cb0a6ee966dac9f2582e99c0ea3c175953ac266b65c1f65",
  "pins" : [
    {
      "identity" : "swift-assembler",
      "kind" : "remoteSourceControl",
      "location" : "https://github.com/swiftbin/swift-assembler.git",
      "state" : {
        "branch" : "main",
        "revision" : "11385ecff7527b3a35b27867308db93290479b91"
      }
    },
    {
      "identity" : "swift-syntax",
      "kind" : "remoteSourceControl",
      "location" : "https://github.com/swiftlang/swift-syntax.git",
      "state" : {
        "revision" : "9de99a78f099e59caf2b2beec65a4c45d54b2081",
        "version" : "603.0.1"
      }
    }
  ],
  "version" : 3
}
