{
  "originHash" : "2474ad1ee837cc62d1ca0026f3f0c3347b63e035cde9f3a47293b5e7865005a0",
  "pins" : [
    {
      "identity" : "swift-assembly",
      "kind" : "remoteSourceControl",
      "location" : "https://github.com/swiftbin/swift-assembly.git",
      "state" : {
        "revision" : "a79434495afc85ecf1b398f7ddb27c908562cd40",
        "version" : "0.1.0"
      }
    },
    {
      "identity" : "swift-syntax",
      "kind" : "remoteSourceControl",
      "location" : "https://github.com/swiftlang/swift-syntax.git",
      "state" : {
        "revision" : "9de99a78f099e59caf2b2beec65a4c45d54b2081",
        "version" : "603.0.1"
      }
    }
  ],
  "version" : 3
}
